
Microsoft Visual Studio Solution File, Format Version 12.00
# Visual Studio Version 17
VisualStudioVersion = 17.7.34003.232
MinimumVisualStudioVersion = 10.0.40219.1
Project("{9A19103F-16F7-4668-BE54-9A1E7A4F7556}") = "WaCollaborative.API", "WaCollaborative.API\WaCollaborative.API.csproj", "{55C14795-E44E-4F58-AC4F-58783C81A244}"
EndProject
Project("{9A19103F-16F7-4668-BE54-9A1E7A4F7556}") = "WaCollaborative.Domain", "WaCollaborative.Domain\WaCollaborative.Domain.csproj", "{0DA2545A-5210-441F-87B5-AD23C90D9BA5}"
EndProject
Project("{FAE04EC0-301F-11D3-BF4B-00C04F79EFBC}") = "WaCollaborative.Infrastructure", "WaCollaborative.Infrastructure\WaCollaborative.Infrastructure.csproj", "{D3376F08-DEF0-4C0B-AF43-E82A8110B982}"
EndProject
Project("{FAE04EC0-301F-11D3-BF4B-00C04F79EFBC}") = "WaCollaborative.Application", "WaCollaborative.Application\WaCollaborative.Application.csproj", "{8CC19A9B-19B7-4A77-B3CC-66624D27D099}"
EndProject
Global
	GlobalSection(SolutionConfigurationPlatforms) = preSolution
		Debug|Any CPU = Debug|Any CPU
		Release|Any CPU = Release|Any CPU
	EndGlobalSection
	GlobalSection(ProjectConfigurationPlatforms) = postSolution
		{55C14795-E44E-4F58-AC4F-58783C81A244}.Debug|Any CPU.ActiveCfg = Debug|Any CPU
		{55C14795-E44E-4F58-AC4F-58783C81A244}.Debug|Any CPU.Build.0 = Debug|Any CPU
		{55C14795-E44E-4F58-AC4F-58783C81A244}.Release|Any CPU.ActiveCfg = Release|Any CPU
		{55C14795-E44E-4F58-AC4F-58783C81A244}.Release|Any CPU.Build.0 = Release|Any CPU
		{0DA2545A-5210-441F-87B5-AD23C90D9BA5}.Debug|Any CPU.ActiveCfg = Debug|Any CPU
		{0DA2545A-5210-441F-87B5-AD23C90D9BA5}.Debug|Any CPU.Build.0 = Debug|Any CPU
		{0DA2545A-5210-441F-87B5-AD23C90D9BA5}.Release|Any CPU.ActiveCfg = Release|Any CPU
		{0DA2545A-5210-441F-87B5-AD23C90D9BA5}.Release|Any CPU.Build.0 = Release|Any CPU
		{D3376F08-DEF0-4C0B-AF43-E82A8110B982}.Debug|Any CPU.ActiveCfg = Debug|Any CPU
		{D3376F08-DEF0-4C0B-AF43-E82A8110B982}.Debug|Any CPU.Build.0 = Debug|Any CPU
		{D3376F08-DEF0-4C0B-AF43-E82A8110B982}.Release|Any CPU.ActiveCfg = Release|Any CPU
		{D3376F08-DEF0-4C0B-AF43-E82A8110B982}.Release|Any CPU.Build.0 = Release|Any CPU
		{8CC19A9B-19B7-4A77-B3CC-66624D27D099}.Debug|Any CPU.ActiveCfg = Debug|Any CPU
		{8CC19A9B-19B7-4A77-B3CC-66624D27D099}.Debug|Any CPU.Build.0 = Debug|Any CPU
		{8CC19A9B-19B7-4A77-B3CC-66624D27D099}.Release|Any CPU.ActiveCfg = Release|Any CPU
		{8CC19A9B-19B7-4A77-B3CC-66624D27D099}.Release|Any CPU.Build.0 = Release|Any CPU
	EndGlobalSection
	GlobalSection(SolutionProperties) = preSolution
		HideSolutionNode = FALSE
	EndGlobalSection
	GlobalSection(ExtensibilityGlobals) = postSolution
		SolutionGuid = {262C98C5-2D1E-434C-B938-E8795B5682DD}
	EndGlobalSection
EndGlobal
